{
    "composer/pcre": {
        "version": "1.0.0"
    },
    "composer/semver": {
        "version": "3.2.6"
    },
    "composer/xdebug-handler": {
        "version": "2.0.3"
    },
    "friendsofphp/php-cs-fixer": {
        "version": "3.4",
        "recipe": {
            "repo": "github.com/symfony/recipes",
            "branch": "master",
            "version": "3.0",
            "ref": "be2103eb4a20942e28a6dd87736669b757132435"
        },
        "files": [
            ".php-cs-fixer.dist.php"
        ]
    },
    "friendsofphp/proxy-manager-lts": {
        "version": "v1.0.5"
    },
    "knplabs/knp-time-bundle": {
        "version": "1.17.0"
    },
    "laminas/laminas-code": {
        "version": "3.4.1"
    },
    "laminas/laminas-eventmanager": {
        "version": "3.4.0"
    },
    "laminas/laminas-zendframework-bridge": {
        "version": "1.4.0"
    },
    "php-cs-fixer/diff": {
        "version": "v2.0.2"
    },
    "psr/link": {
        "version": "1.0.0"
    },
    "squizlabs/php_codesniffer": {
        "version": "3.6",
        "recipe": {
            "repo": "github.com/symfony/recipes-contrib",
            "branch": "master",
            "version": "3.6",
            "ref": "1019e5c08d4821cb9b77f4891f8e9c31ff20ac6f"
        }
    },
    "symfony/contracts": {
        "version": "v1.1.11"
    },
    "symfony/flex": {
        "version": "1.17",
        "recipe": {
            "repo": "github.com/symfony/recipes",
            "branch": "master",
            "version": "1.0",
            "ref": "c0eeb50665f0f77226616b6038a9b06c03752d8e"
        },
        "files": [
            ".env"
        ]
    },
    "symfony/symfony": {
        "version": "v4.4.35"
    }
}
